
Microsoft Visual Studio Solution File, Format Version 12.00
# Visual Studio Version 16
VisualStudioVersion = 16.0.30804.86
MinimumVisualStudioVersion = 10.0.40219.1
Project("{FAE04EC0-301F-11D3-BF4B-00C04F79EFBC}") = "SnowtimeDeliveryCrossPlatform", "SnowtimeDeliveryCrossPlatform.csproj", "{F4781DBC-C30F-4120-9D8B-CE562AB7A119}"
EndProject
Global
	GlobalSection(SolutionConfigurationPlatforms) = preSolution
		Debug|Any CPU = Debug|Any CPU
		Release|Any CPU = Release|Any CPU
	EndGlobalSection
	GlobalSection(ProjectConfigurationPlatforms) = postSolution
		{F4781DBC-C30F-4120-9D8B-CE562AB7A119}.Debug|Any CPU.ActiveCfg = Debug|Any CPU
		{F4781DBC-C30F-4120-9D8B-CE562AB7A119}.Debug|Any CPU.Build.0 = Debug|Any CPU
		{F4781DBC-C30F-4120-9D8B-CE562AB7A119}.Release|Any CPU.ActiveCfg = Release|Any CPU
		{F4781DBC-C30F-4120-9D8B-CE562AB7A119}.Release|Any CPU.Build.0 = Release|Any CPU
	EndGlobalSection
	GlobalSection(SolutionProperties) = preSolution
		HideSolutionNode = FALSE
	EndGlobalSection
	GlobalSection(ExtensibilityGlobals) = postSolution
		SolutionGuid = {19A8B5BE-B662-4BE8-92BD-0AD5BD31F22F}
	EndGlobalSection
EndGlobal
